// !$*UTF8*$!
{
	archiveVersion = 1;
	classes = {
	};
	objectVersion = 50;
	objects = {

/* Begin PBXBuildFile section */
		080B60D16EAF4CA7D9921770 /* Pods_RxTableViewBindingDemoUITests.framework in Frameworks */ = {isa = PBXBuildFile; fileRef = 1E650964AB0E186F56C48839 /* Pods_RxTableViewBindingDemoUITests.framework */; };
		4E7DFC9F8C78C5DAADBFEF94 /* Pods_RxTableViewBindingDemoTests.framework in Frameworks */ = {isa = PBXBuildFile; fileRef = 1017E975BCAA71DD19E3EDEE /* Pods_RxTableViewBindingDemoTests.framework */; };
		63E59F772E86F56C77372101 /* Pods_RxTableViewBindingDemo.framework in Frameworks */ = {isa = PBXBuildFile; fileRef = 6BB81CB39925CDB339DB3915 /* Pods_RxTableViewBindingDemo.framework */; };
		DA20256B2189498F004F6DE5 /* ReportViewModel.swift in Sources */ = {isa = PBXBuildFile; fileRef = DA20256A2189498F004F6DE5 /* ReportViewModel.swift */; };
		DA20256D2189AA9F004F6DE5 /* ViewModelTest.swift in Sources */ = {isa = PBXBuildFile; fileRef = DA20256C2189AA9F004F6DE5 /* ViewModelTest.swift */; };
		DA20256F2189AB24004F6DE5 /* ReportViewModel.swift in Sources */ = {isa = PBXBuildFile; fileRef = DA20256A2189498F004F6DE5 /* ReportViewModel.swift */; };
		DA2025702189AB2F004F6DE5 /* ViewModelType.swift in Sources */ = {isa = PBXBuildFile; fileRef = DAD52DF42187F12F003C9F03 /* ViewModelType.swift */; };
		DA2025712189ABC3004F6DE5 /* Report.swift in Sources */ = {isa = PBXBuildFile; fileRef = DAD52DFE2188006A003C9F03 /* Report.swift */; };
		DAD52DC52187ED78003C9F03 /* AppDelegate.swift in Sources */ = {isa = PBXBuildFile; fileRef = DAD52DC42187ED78003C9F03 /* AppDelegate.swift */; };
		DAD52DC72187ED78003C9F03 /* MainViewController.swift in Sources */ = {isa = PBXBuildFile; fileRef = DAD52DC62187ED78003C9F03 /* MainViewController.swift */; };
		DAD52DCA2187ED78003C9F03 /* Main.storyboard in Resources */ = {isa = PBXBuildFile; fileRef = DAD52DC82187ED78003C9F03 /* Main.storyboard */; };
		DAD52DCC2187ED7A003C9F03 /* Assets.xcassets in Resources */ = {isa = PBXBuildFile; fileRef = DAD52DCB2187ED7A003C9F03 /* Assets.xcassets */; };
		DAD52DCF2187ED7A003C9F03 /* LaunchScreen.storyboard in Resources */ = {isa = PBXBuildFile; fileRef = DAD52DCD2187ED7A003C9F03 /* LaunchScreen.storyboard */; };
		DAD52DDA2187ED7A003C9F03 /* RxTableViewBindingDemoTests.swift in Sources */ = {isa = PBXBuildFile; fileRef = DAD52DD92187ED7A003C9F03 /* RxTableViewBindingDemoTests.swift */; };
		DAD52DE52187ED7A003C9F03 /* RxTableViewBindingDemoUITests.swift in Sources */ = {isa = PBXBuildFile; fileRef = DAD52DE42187ED7A003C9F03 /* RxTableViewBindingDemoUITests.swift */; };
		DAD52DF52187F12F003C9F03 /* ViewModelType.swift in Sources */ = {isa = PBXBuildFile; fileRef = DAD52DF42187F12F003C9F03 /* ViewModelType.swift */; };
		DAD52DF72187F27A003C9F03 /* ReportViewController.swift in Sources */ = {isa = PBXBuildFile; fileRef = DAD52DF62187F27A003C9F03 /* ReportViewController.swift */; };
		DAD52DFA2187FD60003C9F03 /* ItemTableViewCell.swift in Sources */ = {isa = PBXBuildFile; fileRef = DAD52DF82187FD60003C9F03 /* ItemTableViewCell.swift */; };
		DAD52DFB2187FD60003C9F03 /* ItemTableViewCell.xib in Resources */ = {isa = PBXBuildFile; fileRef = DAD52DF92187FD60003C9F03 /* ItemTableViewCell.xib */; };
		DAD52DFD2187FF3F003C9F03 /* MainViewModel.swift in Sources */ = {isa = PBXBuildFile; fileRef = DAD52DFC2187FF3F003C9F03 /* MainViewModel.swift */; };
		DAD52DFF2188006B003C9F03 /* Report.swift in Sources */ = {isa = PBXBuildFile; fileRef = DAD52DFE2188006A003C9F03 /* Report.swift */; };
/* End PBXBuildFile section */

/* Begin PBXContainerItemProxy section */
		DAD52DD62187ED7A003C9F03 /* PBXContainerItemProxy */ = {
			isa = PBXContainerItemProxy;
			containerPortal = DAD52DB92187ED78003C9F03 /* Project object */;
			proxyType = 1;
			remoteGlobalIDString = DAD52DC02187ED78003C9F03;
			remoteInfo = RxTableViewBindingDemo;
		};
		DAD52DE12187ED7A003C9F03 /* PBXContainerItemProxy */ = {
			isa = PBXContainerItemProxy;
			containerPortal = DAD52DB92187ED78003C9F03 /* Project object */;
			proxyType = 1;
			remoteGlobalIDString = DAD52DC02187ED78003C9F03;
			remoteInfo = RxTableViewBindingDemo;
		};
/* End PBXContainerItemProxy section */

/* Begin PBXFileReference section */
		0C131D1C982F8837E243F4AA /* Pods-RxTableViewBindingDemoUITests.debug.xcconfig */ = {isa = PBXFileReference; includeInIndex = 1; lastKnownFileType = text.xcconfig; name = "Pods-RxTableViewBindingDemoUITests.debug.xcconfig"; path = "Pods/Target Support Files/Pods-RxTableViewBindingDemoUITests/Pods-RxTableViewBindingDemoUITests.debug.xcconfig"; sourceTree = "<group>"; };
		1017E975BCAA71DD19E3EDEE /* Pods_RxTableViewBindingDemoTests.framework */ = {isa = PBXFileReference; explicitFileType = wrapper.framework; includeInIndex = 0; path = Pods_RxTableViewBindingDemoTests.framework; sourceTree = BUILT_PRODUCTS_DIR; };
		1596EA6DBDC0FA38875DD84D /* Pods-RxTableViewBindingDemo.release.xcconfig */ = {isa = PBXFileReference; includeInIndex = 1; lastKnownFileType = text.xcconfig; name = "Pods-RxTableViewBindingDemo.release.xcconfig"; path = "Pods/Target Support Files/Pods-RxTableViewBindingDemo/Pods-RxTableViewBindingDemo.release.xcconfig"; sourceTree = "<group>"; };
		1E650964AB0E186F56C48839 /* Pods_RxTableViewBindingDemoUITests.framework */ = {isa = PBXFileReference; explicitFileType = wrapper.framework; includeInIndex = 0; path = Pods_RxTableViewBindingDemoUITests.framework; sourceTree = BUILT_PRODUCTS_DIR; };
		227A705EFA8A73B52B7C0DD9 /* Pods-RxTableViewBindingDemoTests.debug.xcconfig */ = {isa = PBXFileReference; includeInIndex = 1; lastKnownFileType = text.xcconfig; name = "Pods-RxTableViewBindingDemoTests.debug.xcconfig"; path = "Pods/Target Support Files/Pods-RxTableViewBindingDemoTests/Pods-RxTableViewBindingDemoTests.debug.xcconfig"; sourceTree = "<group>"; };
		6BB81CB39925CDB339DB3915 /* Pods_RxTableViewBindingDemo.framework */ = {isa = PBXFileReference; explicitFileType = wrapper.framework; includeInIndex = 0; path = Pods_RxTableViewBindingDemo.framework; sourceTree = BUILT_PRODUCTS_DIR; };
		D541B1C93903869E400765C5 /* Pods-RxTableViewBindingDemo.debug.xcconfig */ = {isa = PBXFileReference; includeInIndex = 1; lastKnownFileType = text.xcconfig; name = "Pods-RxTableViewBindingDemo.debug.xcconfig"; path = "Pods/Target Support Files/Pods-RxTableViewBindingDemo/Pods-RxTableViewBindingDemo.debug.xcconfig"; sourceTree = "<group>"; };
		DA20256A2189498F004F6DE5 /* ReportViewModel.swift */ = {isa = PBXFileReference; lastKnownFileType = sourcecode.swift; path = ReportViewModel.swift; sourceTree = "<group>"; };
		DA20256C2189AA9F004F6DE5 /* ViewModelTest.swift */ = {isa = PBXFileReference; lastKnownFileType = sourcecode.swift; path = ViewModelTest.swift; sourceTree = "<group>"; };
		DAD52DC12187ED78003C9F03 /* RxTableViewBindingDemo.app */ = {isa = PBXFileReference; explicitFileType = wrapper.application; includeInIndex = 0; path = RxTableViewBindingDemo.app; sourceTree = BUILT_PRODUCTS_DIR; };
		DAD52DC42187ED78003C9F03 /* AppDelegate.swift */ = {isa = PBXFileReference; lastKnownFileType = sourcecode.swift; path = AppDelegate.swift; sourceTree = "<group>"; };
		DAD52DC62187ED78003C9F03 /* MainViewController.swift */ = {isa = PBXFileReference; lastKnownFileType = sourcecode.swift; path = MainViewController.swift; sourceTree = "<group>"; };
		DAD52DC92187ED78003C9F03 /* Base */ = {isa = PBXFileReference; lastKnownFileType = file.storyboard; name = Base; path = Base.lproj/Main.storyboard; sourceTree = "<group>"; };
		DAD52DCB2187ED7A003C9F03 /* Assets.xcassets */ = {isa = PBXFileReference; lastKnownFileType = folder.assetcatalog; path = Assets.xcassets; sourceTree = "<group>"; };
		DAD52DCE2187ED7A003C9F03 /* Base */ = {isa = PBXFileReference; lastKnownFileType = file.storyboard; name = Base; path = Base.lproj/LaunchScreen.storyboard; sourceTree = "<group>"; };
		DAD52DD02187ED7A003C9F03 /* Info.plist */ = {isa = PBXFileReference; lastKnownFileType = text.plist.xml; path = Info.plist; sourceTree = "<group>"; };
		DAD52DD52187ED7A003C9F03 /* RxTableViewBindingDemoTests.xctest */ = {isa = PBXFileReference; explicitFileType = wrapper.cfbundle; includeInIndex = 0; path = RxTableViewBindingDemoTests.xctest; sourceTree = BUILT_PRODUCTS_DIR; };
		DAD52DD92187ED7A003C9F03 /* RxTableViewBindingDemoTests.swift */ = {isa = PBXFileReference; lastKnownFileType = sourcecode.swift; path = RxTableViewBindingDemoTests.swift; sourceTree = "<group>"; };
		DAD52DDB2187ED7A003C9F03 /* Info.plist */ = {isa = PBXFileReference; lastKnownFileType = text.plist.xml; path = Info.plist; sourceTree = "<group>"; };
		DAD52DE02187ED7A003C9F03 /* RxTableViewBindingDemoUITests.xctest */ = {isa = PBXFileReference; explicitFileType = wrapper.cfbundle; includeInIndex = 0; path = RxTableViewBindingDemoUITests.xctest; sourceTree = BUILT_PRODUCTS_DIR; };
		DAD52DE42187ED7A003C9F03 /* RxTableViewBindingDemoUITests.swift */ = {isa = PBXFileReference; lastKnownFileType = sourcecode.swift; path = RxTableViewBindingDemoUITests.swift; sourceTree = "<group>"; };
		DAD52DE62187ED7A003C9F03 /* Info.plist */ = {isa = PBXFileReference; lastKnownFileType = text.plist.xml; path = Info.plist; sourceTree = "<group>"; };
		DAD52DF42187F12F003C9F03 /* ViewModelType.swift */ = {isa = PBXFileReference; fileEncoding = 4; lastKnownFileType = sourcecode.swift; path = ViewModelType.swift; sourceTree = "<group>"; };
		DAD52DF62187F27A003C9F03 /* ReportViewController.swift */ = {isa = PBXFileReference; lastKnownFileType = sourcecode.swift; path = ReportViewController.swift; sourceTree = "<group>"; };
		DAD52DF82187FD60003C9F03 /* ItemTableViewCell.swift */ = {isa = PBXFileReference; lastKnownFileType = sourcecode.swift; path = ItemTableViewCell.swift; sourceTree = "<group>"; };
		DAD52DF92187FD60003C9F03 /* ItemTableViewCell.xib */ = {isa = PBXFileReference; lastKnownFileType = file.xib; path = ItemTableViewCell.xib; sourceTree = "<group>"; };
		DAD52DFC2187FF3F003C9F03 /* MainViewModel.swift */ = {isa = PBXFileReference; lastKnownFileType = sourcecode.swift; path = MainViewModel.swift; sourceTree = "<group>"; };
		DAD52DFE2188006A003C9F03 /* Report.swift */ = {isa = PBXFileReference; lastKnownFileType = sourcecode.swift; path = Report.swift; sourceTree = "<group>"; };
		EC139DEDC92B3A12602C40BB /* Pods-RxTableViewBindingDemoTests.release.xcconfig */ = {isa = PBXFileReference; includeInIndex = 1; lastKnownFileType = text.xcconfig; name = "Pods-RxTableViewBindingDemoTests.release.xcconfig"; path = "Pods/Target Support Files/Pods-RxTableViewBindingDemoTests/Pods-RxTableViewBindingDemoTests.release.xcconfig"; sourceTree = "<group>"; };
		EF39016A82728CE55893F722 /* Pods-RxTableViewBindingDemoUITests.release.xcconfig */ = {isa = PBXFileReference; includeInIndex = 1; lastKnownFileType = text.xcconfig; name = "Pods-RxTableViewBindingDemoUITests.release.xcconfig"; path = "Pods/Target Support Files/Pods-RxTableViewBindingDemoUITests/Pods-RxTableViewBindingDemoUITests.release.xcconfig"; sourceTree = "<group>"; };
/* End PBXFileReference section */

/* Begin PBXFrameworksBuildPhase section */
		DAD52DBE2187ED78003C9F03 /* Frameworks */ = {
			isa = PBXFrameworksBuildPhase;
			buildActionMask = 2147483647;
			files = (
				63E59F772E86F56C77372101 /* Pods_RxTableViewBindingDemo.framework in Frameworks */,
			);
			runOnlyForDeploymentPostprocessing = 0;
		};
		DAD52DD22187ED7A003C9F03 /* Frameworks */ = {
			isa = PBXFrameworksBuildPhase;
			buildActionMask = 2147483647;
			files = (
				4E7DFC9F8C78C5DAADBFEF94 /* Pods_RxTableViewBindingDemoTests.framework in Frameworks */,
			);
			runOnlyForDeploymentPostprocessing = 0;
		};
		DAD52DDD2187ED7A003C9F03 /* Frameworks */ = {
			isa = PBXFrameworksBuildPhase;
			buildActionMask = 2147483647;
			files = (
				080B60D16EAF4CA7D9921770 /* Pods_RxTableViewBindingDemoUITests.framework in Frameworks */,
			);
			runOnlyForDeploymentPostprocessing = 0;
		};
/* End PBXFrameworksBuildPhase section */

/* Begin PBXGroup section */
		7FCD8B5162A6AF993A75A8DF /* Frameworks */ = {
			isa = PBXGroup;
			children = (
				6BB81CB39925CDB339DB3915 /* Pods_RxTableViewBindingDemo.framework */,
				1017E975BCAA71DD19E3EDEE /* Pods_RxTableViewBindingDemoTests.framework */,
				1E650964AB0E186F56C48839 /* Pods_RxTableViewBindingDemoUITests.framework */,
			);
			name = Frameworks;
			sourceTree = "<group>";
		};
		9BEA2B404578DB37DEAC0E01 /* Pods */ = {
			isa = PBXGroup;
			children = (
				D541B1C93903869E400765C5 /* Pods-RxTableViewBindingDemo.debug.xcconfig */,
				1596EA6DBDC0FA38875DD84D /* Pods-RxTableViewBindingDemo.release.xcconfig */,
				227A705EFA8A73B52B7C0DD9 /* Pods-RxTableViewBindingDemoTests.debug.xcconfig */,
				EC139DEDC92B3A12602C40BB /* Pods-RxTableViewBindingDemoTests.release.xcconfig */,
				0C131D1C982F8837E243F4AA /* Pods-RxTableViewBindingDemoUITests.debug.xcconfig */,
				EF39016A82728CE55893F722 /* Pods-RxTableViewBindingDemoUITests.release.xcconfig */,
			);
			name = Pods;
			sourceTree = "<group>";
		};
		DAD52DB82187ED78003C9F03 = {
			isa = PBXGroup;
			children = (
				DAD52DC32187ED78003C9F03 /* RxTableViewBindingDemo */,
				DAD52DD82187ED7A003C9F03 /* RxTableViewBindingDemoTests */,
				DAD52DE32187ED7A003C9F03 /* RxTableViewBindingDemoUITests */,
				DAD52DC22187ED78003C9F03 /* Products */,
				9BEA2B404578DB37DEAC0E01 /* Pods */,
				7FCD8B5162A6AF993A75A8DF /* Frameworks */,
			);
			sourceTree = "<group>";
		};
		DAD52DC22187ED78003C9F03 /* Products */ = {
			isa = PBXGroup;
			children = (
				DAD52DC12187ED78003C9F03 /* RxTableViewBindingDemo.app */,
				DAD52DD52187ED7A003C9F03 /* RxTableViewBindingDemoTests.xctest */,
				DAD52DE02187ED7A003C9F03 /* RxTableViewBindingDemoUITests.xctest */,
			);
			name = Products;
			sourceTree = "<group>";
		};
		DAD52DC32187ED78003C9F03 /* RxTableViewBindingDemo */ = {
			isa = PBXGroup;
			children = (
				DAD52DC42187ED78003C9F03 /* AppDelegate.swift */,
				DAD52DC62187ED78003C9F03 /* MainViewController.swift */,
				DAD52DFC2187FF3F003C9F03 /* MainViewModel.swift */,
				DAD52DFE2188006A003C9F03 /* Report.swift */,
				DAD52DF62187F27A003C9F03 /* ReportViewController.swift */,
				DA20256A2189498F004F6DE5 /* ReportViewModel.swift */,
				DAD52DF42187F12F003C9F03 /* ViewModelType.swift */,
				DAD52DC82187ED78003C9F03 /* Main.storyboard */,
				DAD52DF82187FD60003C9F03 /* ItemTableViewCell.swift */,
				DAD52DF92187FD60003C9F03 /* ItemTableViewCell.xib */,
				DAD52DCB2187ED7A003C9F03 /* Assets.xcassets */,
				DAD52DCD2187ED7A003C9F03 /* LaunchScreen.storyboard */,
				DAD52DD02187ED7A003C9F03 /* Info.plist */,
			);
			path = RxTableViewBindingDemo;
			sourceTree = "<group>";
		};
		DAD52DD82187ED7A003C9F03 /* RxTableViewBindingDemoTests */ = {
			isa = PBXGroup;
			children = (
				DA20256C2189AA9F004F6DE5 /* ViewModelTest.swift */,
				DAD52DD92187ED7A003C9F03 /* RxTableViewBindingDemoTests.swift */,
				DAD52DDB2187ED7A003C9F03 /* Info.plist */,
			);
			path = RxTableViewBindingDemoTests;
			sourceTree = "<group>";
		};
		DAD52DE32187ED7A003C9F03 /* RxTableViewBindingDemoUITests */ = {
			isa = PBXGroup;
			children = (
				DAD52DE42187ED7A003C9F03 /* RxTableViewBindingDemoUITests.swift */,
				DAD52DE62187ED7A003C9F03 /* Info.plist */,
			);
			path = RxTableViewBindingDemoUITests;
			sourceTree = "<group>";
		};
/* End PBXGroup section */

/* Begin PBXNativeTarget section */
		DAD52DC02187ED78003C9F03 /* RxTableViewBindingDemo */ = {
			isa = PBXNativeTarget;
			buildConfigurationList = DAD52DE92187ED7A003C9F03 /* Build configuration list for PBXNativeTarget "RxTableViewBindingDemo" */;
			buildPhases = (
				7A369BBD972093A8F87ADDA0 /* [CP] Check Pods Manifest.lock */,
				DAD52DBD2187ED78003C9F03 /* Sources */,
				DAD52DBE2187ED78003C9F03 /* Frameworks */,
				DAD52DBF2187ED78003C9F03 /* Resources */,
				41E4EAFAD45CC6AD84D76E12 /* [CP] Embed Pods Frameworks */,
			);
			buildRules = (
			);
			dependencies = (
			);
			name = RxTableViewBindingDemo;
			productName = RxTableViewBindingDemo;
			productReference = DAD52DC12187ED78003C9F03 /* RxTableViewBindingDemo.app */;
			productType = "com.apple.product-type.application";
		};
		DAD52DD42187ED7A003C9F03 /* RxTableViewBindingDemoTests */ = {
			isa = PBXNativeTarget;
			buildConfigurationList = DAD52DEC2187ED7A003C9F03 /* Build configuration list for PBXNativeTarget "RxTableViewBindingDemoTests" */;
			buildPhases = (
				65C4347279B9C37AC085C5A8 /* [CP] Check Pods Manifest.lock */,
				DAD52DD12187ED7A003C9F03 /* Sources */,
				DAD52DD22187ED7A003C9F03 /* Frameworks */,
				DAD52DD32187ED7A003C9F03 /* Resources */,
			);
			buildRules = (
			);
			dependencies = (
				DAD52DD72187ED7A003C9F03 /* PBXTargetDependency */,
			);
			name = RxTableViewBindingDemoTests;
			productName = RxTableViewBindingDemoTests;
			productReference = DAD52DD52187ED7A003C9F03 /* RxTableViewBindingDemoTests.xctest */;
			productType = "com.apple.product-type.bundle.unit-test";
		};
		DAD52DDF2187ED7A003C9F03 /* RxTableViewBindingDemoUITests */ = {
			isa = PBXNativeTarget;
			buildConfigurationList = DAD52DEF2187ED7A003C9F03 /* Build configuration list for PBXNativeTarget "RxTableViewBindingDemoUITests" */;
			buildPhases = (
				FE08EFF7946D709127D237D5 /* [CP] Check Pods Manifest.lock */,
				DAD52DDC2187ED7A003C9F03 /* Sources */,
				DAD52DDD2187ED7A003C9F03 /* Frameworks */,
				DAD52DDE2187ED7A003C9F03 /* Resources */,
			);
			buildRules = (
			);
			dependencies = (
				DAD52DE22187ED7A003C9F03 /* PBXTargetDependency */,
			);
			name = RxTableViewBindingDemoUITests;
			productName = RxTableViewBindingDemoUITests;
			productReference = DAD52DE02187ED7A003C9F03 /* RxTableViewBindingDemoUITests.xctest */;
			productType = "com.apple.product-type.bundle.ui-testing";
		};
/* End PBXNativeTarget section */

/* Begin PBXProject section */
		DAD52DB92187ED78003C9F03 /* Project object */ = {
			isa = PBXProject;
			attributes = {
				LastSwiftUpdateCheck = 1000;
				LastUpgradeCheck = 1000;
				ORGANIZATIONNAME = ISunCloud;
				TargetAttributes = {
					DAD52DC02187ED78003C9F03 = {
						CreatedOnToolsVersion = 10.0;
					};
					DAD52DD42187ED7A003C9F03 = {
						CreatedOnToolsVersion = 10.0;
						TestTargetID = DAD52DC02187ED78003C9F03;
					};
					DAD52DDF2187ED7A003C9F03 = {
						CreatedOnToolsVersion = 10.0;
						TestTargetID = DAD52DC02187ED78003C9F03;
					};
				};
			};
			buildConfigurationList = DAD52DBC2187ED78003C9F03 /* Build configuration list for PBXProject "RxTableViewBindingDemo" */;
			compatibilityVersion = "Xcode 9.3";
			developmentRegion = en;
			hasScannedForEncodings = 0;
			knownRegions = (
				en,
				Base,
			);
			mainGroup = DAD52DB82187ED78003C9F03;
			productRefGroup = DAD52DC22187ED78003C9F03 /* Products */;
			projectDirPath = "";
			projectRoot = "";
			targets = (
				DAD52DC02187ED78003C9F03 /* RxTableViewBindingDemo */,
				DAD52DD42187ED7A003C9F03 /* RxTableViewBindingDemoTests */,
				DAD52DDF2187ED7A003C9F03 /* RxTableViewBindingDemoUITests */,
			);
		};
/* End PBXProject section */

/* Begin PBXResourcesBuildPhase section */
		DAD52DBF2187ED78003C9F03 /* Resources */ = {
			isa = PBXResourcesBuildPhase;
			buildActionMask = 2147483647;
			files = (
				DAD52DFB2187FD60003C9F03 /* ItemTableViewCell.xib in Resources */,
				DAD52DCF2187ED7A003C9F03 /* LaunchScreen.storyboard in Resources */,
				DAD52DCC2187ED7A003C9F03 /* Assets.xcassets in Resources */,
				DAD52DCA2187ED78003C9F03 /* Main.storyboard in Resources */,
			);
			runOnlyForDeploymentPostprocessing = 0;
		};
		DAD52DD32187ED7A003C9F03 /* Resources */ = {
			isa = PBXResourcesBuildPhase;
			buildActionMask = 2147483647;
			files = (
			);
			runOnlyForDeploymentPostprocessing = 0;
		};
		DAD52DDE2187ED7A003C9F03 /* Resources */ = {
			isa = PBXResourcesBuildPhase;
			buildActionMask = 2147483647;
			files = (
			);
			runOnlyForDeploymentPostprocessing = 0;
		};
/* End PBXResourcesBuildPhase section */

/* Begin PBXShellScriptBuildPhase section */
		41E4EAFAD45CC6AD84D76E12 /* [CP] Embed Pods Frameworks */ = {
			isa = PBXShellScriptBuildPhase;
			buildActionMask = 2147483647;
			files = (
			);
			inputFileListPaths = (
			);
			inputPaths = (
				"${SRCROOT}/Pods/Target Support Files/Pods-RxTableViewBindingDemo/Pods-RxTableViewBindingDemo-frameworks.sh",
				"${BUILT_PRODUCTS_DIR}/RxCocoa/RxCocoa.framework",
				"${BUILT_PRODUCTS_DIR}/RxSwift/RxSwift.framework",
			);
			name = "[CP] Embed Pods Frameworks";
			outputFileListPaths = (
			);
			outputPaths = (
				"${TARGET_BUILD_DIR}/${FRAMEWORKS_FOLDER_PATH}/RxCocoa.framework",
				"${TARGET_BUILD_DIR}/${FRAMEWORKS_FOLDER_PATH}/RxSwift.framework",
			);
			runOnlyForDeploymentPostprocessing = 0;
			shellPath = /bin/sh;
			shellScript = "\"${SRCROOT}/Pods/Target Support Files/Pods-RxTableViewBindingDemo/Pods-RxTableViewBindingDemo-frameworks.sh\"\n";
			showEnvVarsInLog = 0;
		};
		65C4347279B9C37AC085C5A8 /* [CP] Check Pods Manifest.lock */ = {
			isa = PBXShellScriptBuildPhase;
			buildActionMask = 2147483647;
			files = (
			);
			inputFileListPaths = (
			);
			inputPaths = (
				"${PODS_PODFILE_DIR_PATH}/Podfile.lock",
				"${PODS_ROOT}/Manifest.lock",
			);
			name = "[CP] Check Pods Manifest.lock";
			outputFileListPaths = (
			);
			outputPaths = (
				"$(DERIVED_FILE_DIR)/Pods-RxTableViewBindingDemoTests-checkManifestLockResult.txt",
			);
			runOnlyForDeploymentPostprocessing = 0;
			shellPath = /bin/sh;
			shellScript = "diff \"${PODS_PODFILE_DIR_PATH}/Podfile.lock\" \"${PODS_ROOT}/Manifest.lock\" > /dev/null\nif [ $? != 0 ] ; then\n    # print error to STDERR\n    echo \"error: The sandbox is not in sync with the Podfile.lock. Run 'pod install' or update your CocoaPods installation.\" >&2\n    exit 1\nfi\n# This output is used by Xcode 'outputs' to avoid re-running this script phase.\necho \"SUCCESS\" > \"${SCRIPT_OUTPUT_FILE_0}\"\n";
			showEnvVarsInLog = 0;
		};
		7A369BBD972093A8F87ADDA0 /* [CP] Check Pods Manifest.lock */ = {
			isa = PBXShellScriptBuildPhase;
			buildActionMask = 2147483647;
			files = (
			);
			inputFileListPaths = (
			);
			inputPaths = (
				"${PODS_PODFILE_DIR_PATH}/Podfile.lock",
				"${PODS_ROOT}/Manifest.lock",
			);
			name = "[CP] Check Pods Manifest.lock";
			outputFileListPaths = (
			);
			outputPaths = (
				"$(DERIVED_FILE_DIR)/Pods-RxTableViewBindingDemo-checkManifestLockResult.txt",
			);
			runOnlyForDeploymentPostprocessing = 0;
			shellPath = /bin/sh;
			shellScript = "diff \"${PODS_PODFILE_DIR_PATH}/Podfile.lock\" \"${PODS_ROOT}/Manifest.lock\" > /dev/null\nif [ $? != 0 ] ; then\n    # print error to STDERR\n    echo \"error: The sandbox is not in sync with the Podfile.lock. Run 'pod install' or update your CocoaPods installation.\" >&2\n    exit 1\nfi\n# This output is used by Xcode 'outputs' to avoid re-running this script phase.\necho \"SUCCESS\" > \"${SCRIPT_OUTPUT_FILE_0}\"\n";
			showEnvVarsInLog = 0;
		};
		FE08EFF7946D709127D237D5 /* [CP] Check Pods Manifest.lock */ = {
			isa = PBXShellScriptBuildPhase;
			buildActionMask = 2147483647;
			files = (
			);
			inputFileListPaths = (
			);
			inputPaths = (
				"${PODS_PODFILE_DIR_PATH}/Podfile.lock",
				"${PODS_ROOT}/Manifest.lock",
			);
			name = "[CP] Check Pods Manifest.lock";
			outputFileListPaths = (
			);
			outputPaths = (
				"$(DERIVED_FILE_DIR)/Pods-RxTableViewBindingDemoUITests-checkManifestLockResult.txt",
			);
			runOnlyForDeploymentPostprocessing = 0;
			shellPath = /bin/sh;
			shellScript = "diff \"${PODS_PODFILE_DIR_PATH}/Podfile.lock\" \"${PODS_ROOT}/Manifest.lock\" > /dev/null\nif [ $? != 0 ] ; then\n    # print error to STDERR\n    echo \"error: The sandbox is not in sync with the Podfile.lock. Run 'pod install' or update your CocoaPods installation.\" >&2\n    exit 1\nfi\n# This output is used by Xcode 'outputs' to avoid re-running this script phase.\necho \"SUCCESS\" > \"${SCRIPT_OUTPUT_FILE_0}\"\n";
			showEnvVarsInLog = 0;
		};
/* End PBXShellScriptBuildPhase section */

/* Begin PBXSourcesBuildPhase section */
		DAD52DBD2187ED78003C9F03 /* Sources */ = {
			isa = PBXSourcesBuildPhase;
			buildActionMask = 2147483647;
			files = (
				DA20256B2189498F004F6DE5 /* ReportViewModel.swift in Sources */,
				DAD52DF72187F27A003C9F03 /* ReportViewController.swift in Sources */,
				DAD52DC72187ED78003C9F03 /* MainViewController.swift in Sources */,
				DAD52DFF2188006B003C9F03 /* Report.swift in Sources */,
				DAD52DFA2187FD60003C9F03 /* ItemTableViewCell.swift in Sources */,
				DAD52DC52187ED78003C9F03 /* AppDelegate.swift in Sources */,
				DAD52DF52187F12F003C9F03 /* ViewModelType.swift in Sources */,
				DAD52DFD2187FF3F003C9F03 /* MainViewModel.swift in Sources */,
			);
			runOnlyForDeploymentPostprocessing = 0;
		};
		DAD52DD12187ED7A003C9F03 /* Sources */ = {
			isa = PBXSourcesBuildPhase;
			buildActionMask = 2147483647;
			files = (
				DA2025702189AB2F004F6DE5 /* ViewModelType.swift in Sources */,
				DA2025712189ABC3004F6DE5 /* Report.swift in Sources */,
				DA20256F2189AB24004F6DE5 /* ReportViewModel.swift in Sources */,
				DA20256D2189AA9F004F6DE5 /* ViewModelTest.swift in Sources */,
				DAD52DDA2187ED7A003C9F03 /* RxTableViewBindingDemoTests.swift in Sources */,
			);
			runOnlyForDeploymentPostprocessing = 0;
		};
		DAD52DDC2187ED7A003C9F03 /* Sources */ = {
			isa = PBXSourcesBuildPhase;
			buildActionMask = 2147483647;
			files = (
				DAD52DE52187ED7A003C9F03 /* RxTableViewBindingDemoUITests.swift in Sources */,
			);
			runOnlyForDeploymentPostprocessing = 0;
		};
/* End PBXSourcesBuildPhase section */

/* Begin PBXTargetDependency section */
		DAD52DD72187ED7A003C9F03 /* PBXTargetDependency */ = {
			isa = PBXTargetDependency;
			target = DAD52DC02187ED78003C9F03 /* RxTableViewBindingDemo */;
			targetProxy = DAD52DD62187ED7A003C9F03 /* PBXContainerItemProxy */;
		};
		DAD52DE22187ED7A003C9F03 /* PBXTargetDependency */ = {
			isa = PBXTargetDependency;
			target = DAD52DC02187ED78003C9F03 /* RxTableViewBindingDemo */;
			targetProxy = DAD52DE12187ED7A003C9F03 /* PBXContainerItemProxy */;
		};
/* End PBXTargetDependency section */

/* Begin PBXVariantGroup section */
		DAD52DC82187ED78003C9F03 /* Main.storyboard */ = {
			isa = PBXVariantGroup;
			children = (
				DAD52DC92187ED78003C9F03 /* Base */,
			);
			name = Main.storyboard;
			sourceTree = "<group>";
		};
		DAD52DCD2187ED7A003C9F03 /* LaunchScreen.storyboard */ = {
			isa = PBXVariantGroup;
			children = (
				DAD52DCE2187ED7A003C9F03 /* Base */,
			);
			name = LaunchScreen.storyboard;
			sourceTree = "<group>";
		};
/* End PBXVariantGroup section */

/* Begin XCBuildConfiguration section */
		DAD52DE72187ED7A003C9F03 /* Debug */ = {
			isa = XCBuildConfiguration;
			buildSettings = {
				ALWAYS_SEARCH_USER_PATHS = NO;
				CLANG_ANALYZER_NONNULL = YES;
				CLANG_ANALYZER_NUMBER_OBJECT_CONVERSION = YES_AGGRESSIVE;
				CLANG_CXX_LANGUAGE_STANDARD = "gnu++14";
				CLANG_CXX_LIBRARY = "libc++";
				CLANG_ENABLE_MODULES = YES;
				CLANG_ENABLE_OBJC_ARC = YES;
				CLANG_ENABLE_OBJC_WEAK = YES;
				CLANG_WARN_BLOCK_CAPTURE_AUTORELEASING = YES;
				CLANG_WARN_BOOL_CONVERSION = YES;
				CLANG_WARN_COMMA = YES;
				CLANG_WARN_CONSTANT_CONVERSION = YES;
				CLANG_WARN_DEPRECATED_OBJC_IMPLEMENTATIONS = YES;
				CLANG_WARN_DIRECT_OBJC_ISA_USAGE = YES_ERROR;
				CLANG_WARN_DOCUMENTATION_COMMENTS = YES;
				CLANG_WARN_EMPTY_BODY = YES;
				CLANG_WARN_ENUM_CONVERSION = YES;
				CLANG_WARN_INFINITE_RECURSION = YES;
				CLANG_WARN_INT_CONVERSION = YES;
				CLANG_WARN_NON_LITERAL_NULL_CONVERSION = YES;
				CLANG_WARN_OBJC_IMPLICIT_RETAIN_SELF = YES;
				CLANG_WARN_OBJC_LITERAL_CONVERSION = YES;
				CLANG_WARN_OBJC_ROOT_CLASS = YES_ERROR;
				CLANG_WARN_RANGE_LOOP_ANALYSIS = YES;
				CLANG_WARN_STRICT_PROTOTYPES = YES;
				CLANG_WARN_SUSPICIOUS_MOVE = YES;
				CLANG_WARN_UNGUARDED_AVAILABILITY = YES_AGGRESSIVE;
				CLANG_WARN_UNREACHABLE_CODE = YES;
				CLANG_WARN__DUPLICATE_METHOD_MATCH = YES;
				CODE_SIGN_IDENTITY = "iPhone Developer";
				COPY_PHASE_STRIP = NO;
				DEBUG_INFORMATION_FORMAT = dwarf;
				ENABLE_STRICT_OBJC_MSGSEND = YES;
				ENABLE_TESTABILITY = YES;
				GCC_C_LANGUAGE_STANDARD = gnu11;
				GCC_DYNAMIC_NO_PIC = NO;
				GCC_NO_COMMON_BLOCKS = YES;
				GCC_OPTIMIZATION_LEVEL = 0;
				GCC_PREPROCESSOR_DEFINITIONS = (
					"DEBUG=1",
					"$(inherited)",
				);
				GCC_WARN_64_TO_32_BIT_CONVERSION = YES;
				GCC_WARN_ABOUT_RETURN_TYPE = YES_ERROR;
				GCC_WARN_UNDECLARED_SELECTOR = YES;
				GCC_WARN_UNINITIALIZED_AUTOS = YES_AGGRESSIVE;
				GCC_WARN_UNUSED_FUNCTION = YES;
				GCC_WARN_UNUSED_VARIABLE = YES;
				IPHONEOS_DEPLOYMENT_TARGET = 12.0;
				MTL_ENABLE_DEBUG_INFO = INCLUDE_SOURCE;
				MTL_FAST_MATH = YES;
				ONLY_ACTIVE_ARCH = YES;
				SDKROOT = iphoneos;
				SWIFT_ACTIVE_COMPILATION_CONDITIONS = DEBUG;
				SWIFT_OPTIMIZATION_LEVEL = "-Onone";
			};
			name = Debug;
		};
		DAD52DE82187ED7A003C9F03 /* Release */ = {
			isa = XCBuildConfiguration;
			buildSettings = {
				ALWAYS_SEARCH_USER_PATHS = NO;
				CLANG_ANALYZER_NONNULL = YES;
				CLANG_ANALYZER_NUMBER_OBJECT_CONVERSION = YES_AGGRESSIVE;
				CLANG_CXX_LANGUAGE_STANDARD = "gnu++14";
				CLANG_CXX_LIBRARY = "libc++";
				CLANG_ENABLE_MODULES = YES;
				CLANG_ENABLE_OBJC_ARC = YES;
				CLANG_ENABLE_OBJC_WEAK = YES;
				CLANG_WARN_BLOCK_CAPTURE_AUTORELEASING = YES;
				CLANG_WARN_BOOL_CONVERSION = YES;
				CLANG_WARN_COMMA = YES;
				CLANG_WARN_CONSTANT_CONVERSION = YES;
				CLANG_WARN_DEPRECATED_OBJC_IMPLEMENTATIONS = YES;
				CLANG_WARN_DIRECT_OBJC_ISA_USAGE = YES_ERROR;
				CLANG_WARN_DOCUMENTATION_COMMENTS = YES;
				CLANG_WARN_EMPTY_BODY = YES;
				CLANG_WARN_ENUM_CONVERSION = YES;
				CLANG_WARN_INFINITE_RECURSION = YES;
				CLANG_WARN_INT_CONVERSION = YES;
				CLANG_WARN_NON_LITERAL_NULL_CONVERSION = YES;
				CLANG_WARN_OBJC_IMPLICIT_RETAIN_SELF = YES;
				CLANG_WARN_OBJC_LITERAL_CONVERSION = YES;
				CLANG_WARN_OBJC_ROOT_CLASS = YES_ERROR;
				CLANG_WARN_RANGE_LOOP_ANALYSIS = YES;
				CLANG_WARN_STRICT_PROTOTYPES = YES;
				CLANG_WARN_SUSPICIOUS_MOVE = YES;
				CLANG_WARN_UNGUARDED_AVAILABILITY = YES_AGGRESSIVE;
				CLANG_WARN_UNREACHABLE_CODE = YES;
				CLANG_WARN__DUPLICATE_METHOD_MATCH = YES;
				CODE_SIGN_IDENTITY = "iPhone Developer";
				COPY_PHASE_STRIP = NO;
				DEBUG_INFORMATION_FORMAT = "dwarf-with-dsym";
				ENABLE_NS_ASSERTIONS = NO;
				ENABLE_STRICT_OBJC_MSGSEND = YES;
				GCC_C_LANGUAGE_STANDARD = gnu11;
				GCC_NO_COMMON_BLOCKS = YES;
				GCC_WARN_64_TO_32_BIT_CONVERSION = YES;
				GCC_WARN_ABOUT_RETURN_TYPE = YES_ERROR;
				GCC_WARN_UNDECLARED_SELECTOR = YES;
				GCC_WARN_UNINITIALIZED_AUTOS = YES_AGGRESSIVE;
				GCC_WARN_UNUSED_FUNCTION = YES;
				GCC_WARN_UNUSED_VARIABLE = YES;
				IPHONEOS_DEPLOYMENT_TARGET = 12.0;
				MTL_ENABLE_DEBUG_INFO = NO;
				MTL_FAST_MATH = YES;
				SDKROOT = iphoneos;
				SWIFT_COMPILATION_MODE = wholemodule;
				SWIFT_OPTIMIZATION_LEVEL = "-O";
				VALIDATE_PRODUCT = YES;
			};
			name = Release;
		};
		DAD52DEA2187ED7A003C9F03 /* Debug */ = {
			isa = XCBuildConfiguration;
			baseConfigurationReference = D541B1C93903869E400765C5 /* Pods-RxTableViewBindingDemo.debug.xcconfig */;
			buildSettings = {
				ASSETCATALOG_COMPILER_APPICON_NAME = AppIcon;
				CODE_SIGN_STYLE = Automatic;
				DEVELOPMENT_TEAM = 83Q4S8ZFXM;
				INFOPLIST_FILE = RxTableViewBindingDemo/Info.plist;
				LD_RUNPATH_SEARCH_PATHS = (
					"$(inherited)",
					"@executable_path/Frameworks",
				);
				PRODUCT_BUNDLE_IDENTIFIER = ISunCloud.RxTableViewBindingDemo;
				PRODUCT_NAME = "$(TARGET_NAME)";
				SWIFT_VERSION = 4.2;
				TARGETED_DEVICE_FAMILY = "1,2";
			};
			name = Debug;
		};
		DAD52DEB2187ED7A003C9F03 /* Release */ = {
			isa = XCBuildConfiguration;
			baseConfigurationReference = 1596EA6DBDC0FA38875DD84D /* Pods-RxTableViewBindingDemo.release.xcconfig */;
			buildSettings = {
				ASSETCATALOG_COMPILER_APPICON_NAME = AppIcon;
				CODE_SIGN_STYLE = Automatic;
				DEVELOPMENT_TEAM = 83Q4S8ZFXM;
				INFOPLIST_FILE = RxTableViewBindingDemo/Info.plist;
				LD_RUNPATH_SEARCH_PATHS = (
					"$(inherited)",
					"@executable_path/Frameworks",
				);
				PRODUCT_BUNDLE_IDENTIFIER = ISunCloud.RxTableViewBindingDemo;
				PRODUCT_NAME = "$(TARGET_NAME)";
				SWIFT_VERSION = 4.2;
				TARGETED_DEVICE_FAMILY = "1,2";
			};
			name = Release;
		};
		DAD52DED2187ED7A003C9F03 /* Debug */ = {
			isa = XCBuildConfiguration;
			baseConfigurationReference = 227A705EFA8A73B52B7C0DD9 /* Pods-RxTableViewBindingDemoTests.debug.xcconfig */;
			buildSettings = {
				ALWAYS_EMBED_SWIFT_STANDARD_LIBRARIES = YES;
				BUNDLE_LOADER = "$(TEST_HOST)";
				CODE_SIGN_STYLE = Automatic;
				DEVELOPMENT_TEAM = 83Q4S8ZFXM;
				INFOPLIST_FILE = RxTableViewBindingDemoTests/Info.plist;
				LD_RUNPATH_SEARCH_PATHS = (
					"$(inherited)",
					"@executable_path/Frameworks",
					"@loader_path/Frameworks",
				);
				PRODUCT_BUNDLE_IDENTIFIER = ISunCloud.RxTableViewBindingDemoTests;
				PRODUCT_NAME = "$(TARGET_NAME)";
				SWIFT_VERSION = 4.2;
				TARGETED_DEVICE_FAMILY = "1,2";
				TEST_HOST = "$(BUILT_PRODUCTS_DIR)/RxTableViewBindingDemo.app/RxTableViewBindingDemo";
			};
			name = Debug;
		};
		DAD52DEE2187ED7A003C9F03 /* Release */ = {
			isa = XCBuildConfiguration;
			baseConfigurationReference = EC139DEDC92B3A12602C40BB /* Pods-RxTableViewBindingDemoTests.release.xcconfig */;
			buildSettings = {
				ALWAYS_EMBED_SWIFT_STANDARD_LIBRARIES = YES;
				BUNDLE_LOADER = "$(TEST_HOST)";
				CODE_SIGN_STYLE = Automatic;
				DEVELOPMENT_TEAM = 83Q4S8ZFXM;
				INFOPLIST_FILE = RxTableViewBindingDemoTests/Info.plist;
				LD_RUNPATH_SEARCH_PATHS = (
					"$(inherited)",
					"@executable_path/Frameworks",
					"@loader_path/Frameworks",
				);
				PRODUCT_BUNDLE_IDENTIFIER = ISunCloud.RxTableViewBindingDemoTests;
				PRODUCT_NAME = "$(TARGET_NAME)";
				SWIFT_VERSION = 4.2;
				TARGETED_DEVICE_FAMILY = "1,2";
				TEST_HOST = "$(BUILT_PRODUCTS_DIR)/RxTableViewBindingDemo.app/RxTableViewBindingDemo";
			};
			name = Release;
		};
		DAD52DF02187ED7A003C9F03 /* Debug */ = {
			isa = XCBuildConfiguration;
			baseConfigurationReference = 0C131D1C982F8837E243F4AA /* Pods-RxTableViewBindingDemoUITests.debug.xcconfig */;
			buildSettings = {
				ALWAYS_EMBED_SWIFT_STANDARD_LIBRARIES = YES;
				CODE_SIGN_STYLE = Automatic;
				DEVELOPMENT_TEAM = 83Q4S8ZFXM;
				INFOPLIST_FILE = RxTableViewBindingDemoUITests/Info.plist;
				LD_RUNPATH_SEARCH_PATHS = (
					"$(inherited)",
					"@executable_path/Frameworks",
					"@loader_path/Frameworks",
				);
				PRODUCT_BUNDLE_IDENTIFIER = ISunCloud.RxTableViewBindingDemoUITests;
				PRODUCT_NAME = "$(TARGET_NAME)";
				SWIFT_VERSION = 4.2;
				TARGETED_DEVICE_FAMILY = "1,2";
				TEST_TARGET_NAME = RxTableViewBindingDemo;
			};
			name = Debug;
		};
		DAD52DF12187ED7A003C9F03 /* Release */ = {
			isa = XCBuildConfiguration;
			baseConfigurationReference = EF39016A82728CE55893F722 /* Pods-RxTableViewBindingDemoUITests.release.xcconfig */;
			buildSettings = {
				ALWAYS_EMBED_SWIFT_STANDARD_LIBRARIES = YES;
				CODE_SIGN_STYLE = Automatic;
				DEVELOPMENT_TEAM = 83Q4S8ZFXM;
				INFOPLIST_FILE = RxTableViewBindingDemoUITests/Info.plist;
				LD_RUNPATH_SEARCH_PATHS = (
					"$(inherited)",
					"@executable_path/Frameworks",
					"@loader_path/Frameworks",
				);
				PRODUCT_BUNDLE_IDENTIFIER = ISunCloud.RxTableViewBindingDemoUITests;
				PRODUCT_NAME = "$(TARGET_NAME)";
				SWIFT_VERSION = 4.2;
				TARGETED_DEVICE_FAMILY = "1,2";
				TEST_TARGET_NAME = RxTableViewBindingDemo;
			};
			name = Release;
		};
/* End XCBuildConfiguration section */

/* Begin XCConfigurationList section */
		DAD52DBC2187ED78003C9F03 /* Build configuration list for PBXProject "RxTableViewBindingDemo" */ = {
			isa = XCConfigurationList;
			buildConfigurations = (
				DAD52DE72187ED7A003C9F03 /* Debug */,
				DAD52DE82187ED7A003C9F03 /* Release */,
			);
			defaultConfigurationIsVisible = 0;
			defaultConfigurationName = Release;
		};
		DAD52DE92187ED7A003C9F03 /* Build configuration list for PBXNativeTarget "RxTableViewBindingDemo" */ = {
			isa = XCConfigurationList;
			buildConfigurations = (
				DAD52DEA2187ED7A003C9F03 /* Debug */,
				DAD52DEB2187ED7A003C9F03 /* Release */,
			);
			defaultConfigurationIsVisible = 0;
			defaultConfigurationName = Release;
		};
		DAD52DEC2187ED7A003C9F03 /* Build configuration list for PBXNativeTarget "RxTableViewBindingDemoTests" */ = {
			isa = XCConfigurationList;
			buildConfigurations = (
				DAD52DED2187ED7A003C9F03 /* Debug */,
				DAD52DEE2187ED7A003C9F03 /* Release */,
			);
			defaultConfigurationIsVisible = 0;
			defaultConfigurationName = Release;
		};
		DAD52DEF2187ED7A003C9F03 /* Build configuration list for PBXNativeTarget "RxTableViewBindingDemoUITests" */ = {
			isa = XCConfigurationList;
			buildConfigurations = (
				DAD52DF02187ED7A003C9F03 /* Debug */,
				DAD52DF12187ED7A003C9F03 /* Release */,
			);
			defaultConfigurationIsVisible = 0;
			defaultConfigurationName = Release;
		};
/* End XCConfigurationList section */
	};
	rootObject = DAD52DB92187ED78003C9F03 /* Project object */;
}
